
Microsoft Visual Studio Solution File, Format Version 12.00
# Visual Studio 15
Project("{FAE04EC0-301F-11D3-BF4B-00C04F79EFBC}") = "Assembly-CSharp", "Assembly-CSharp.csproj", "{6E5AB0FF-CB07-5540-00F7-67D30C30CAA7}"
EndProject
Project("{FAE04EC0-301F-11D3-BF4B-00C04F79EFBC}") = "Assembly-CSharp-Editor-firstpass", "Assembly-CSharp-Editor-firstpass.csproj", "{A77F52E6-5BEC-7C03-FD42-09AC4A0EEC2A}"
EndProject
Global
	GlobalSection(SolutionConfigurationPlatforms) = preSolution
		Debug|Any CPU = Debug|Any CPU
		Release|Any CPU = Release|Any CPU
	EndGlobalSection
	GlobalSection(ProjectConfigurationPlatforms) = postSolution
		{6E5AB0FF-CB07-5540-00F7-67D30C30CAA7}.Debug|Any CPU.ActiveCfg = Debug|Any CPU
		{6E5AB0FF-CB07-5540-00F7-67D30C30CAA7}.Debug|Any CPU.Build.0 = Debug|Any CPU
		{6E5AB0FF-CB07-5540-00F7-67D30C30CAA7}.Release|Any CPU.ActiveCfg = Release|Any CPU
		{6E5AB0FF-CB07-5540-00F7-67D30C30CAA7}.Release|Any CPU.Build.0 = Release|Any CPU
		{A77F52E6-5BEC-7C03-FD42-09AC4A0EEC2A}.Debug|Any CPU.ActiveCfg = Debug|Any CPU
		{A77F52E6-5BEC-7C03-FD42-09AC4A0EEC2A}.Debug|Any CPU.Build.0 = Debug|Any CPU
		{A77F52E6-5BEC-7C03-FD42-09AC4A0EEC2A}.Release|Any CPU.ActiveCfg = Release|Any CPU
		{A77F52E6-5BEC-7C03-FD42-09AC4A0EEC2A}.Release|Any CPU.Build.0 = Release|Any CPU
	EndGlobalSection
	GlobalSection(SolutionProperties) = preSolution
		HideSolutionNode = FALSE
	EndGlobalSection
EndGlobal
